
Microsoft Visual Studio Solution File, Format Version 11.00
# Visual Studio 2010
Project("{8BC9CEB8-8B4A-11D0-8D11-00A0C91BC942}") = "Base", "Base.vcxproj", "{E18A817B-72CD-D241-A249-8AE70AA04BCE}"
EndProject
Project("{8BC9CEB8-8B4A-11D0-8D11-00A0C91BC942}") = "Utilities", "Utilities.vcxproj", "{9AE93437-0183-D148-B8B7-7FB7FE588C8D}"
	ProjectSection(ProjectDependencies) = postProject
		{E18A817B-72CD-D241-A249-8AE70AA04BCE} = {E18A817B-72CD-D241-A249-8AE70AA04BCE}
	EndProjectSection
EndProject
Project("{8BC9CEB8-8B4A-11D0-8D11-00A0C91BC942}") = "AI", "AI.vcxproj", "{8EEB0A74-F01B-E84F-BF5F-1CE58C3C6E87}"
	ProjectSection(ProjectDependencies) = postProject
		{E18A817B-72CD-D241-A249-8AE70AA04BCE} = {E18A817B-72CD-D241-A249-8AE70AA04BCE}
		{9AE93437-0183-D148-B8B7-7FB7FE588C8D} = {9AE93437-0183-D148-B8B7-7FB7FE588C8D}
	EndProjectSection
EndProject
Project("{8BC9CEB8-8B4A-11D0-8D11-00A0C91BC942}") = "Graphics", "Graphics.vcxproj", "{0C2D9C30-550F-E64F-B622-8FA91324092C}"
	ProjectSection(ProjectDependencies) = postProject
		{E18A817B-72CD-D241-A249-8AE70AA04BCE} = {E18A817B-72CD-D241-A249-8AE70AA04BCE}
		{9AE93437-0183-D148-B8B7-7FB7FE588C8D} = {9AE93437-0183-D148-B8B7-7FB7FE588C8D}
	EndProjectSection
EndProject
Project("{8BC9CEB8-8B4A-11D0-8D11-00A0C91BC942}") = "Physics", "Physics.vcxproj", "{764DD2E8-C533-2A49-97F9-D413415278AB}"
	ProjectSection(ProjectDependencies) = postProject
		{E18A817B-72CD-D241-A249-8AE70AA04BCE} = {E18A817B-72CD-D241-A249-8AE70AA04BCE}
		{9AE93437-0183-D148-B8B7-7FB7FE588C8D} = {9AE93437-0183-D148-B8B7-7FB7FE588C8D}
	EndProjectSection
EndProject
Project("{8BC9CEB8-8B4A-11D0-8D11-00A0C91BC942}") = "Sound", "Sound.vcxproj", "{9A7A3084-36F2-DA4F-AD39-231327CEBB00}"
	ProjectSection(ProjectDependencies) = postProject
		{E18A817B-72CD-D241-A249-8AE70AA04BCE} = {E18A817B-72CD-D241-A249-8AE70AA04BCE}
		{9AE93437-0183-D148-B8B7-7FB7FE588C8D} = {9AE93437-0183-D148-B8B7-7FB7FE588C8D}
	EndProjectSection
EndProject
Project("{8BC9CEB8-8B4A-11D0-8D11-00A0C91BC942}") = "Gamebase", "Gamebase.vcxproj", "{32BCCE16-7EEB-A54C-B8FC-41142626CBFC}"
	ProjectSection(ProjectDependencies) = postProject
		{E18A817B-72CD-D241-A249-8AE70AA04BCE} = {E18A817B-72CD-D241-A249-8AE70AA04BCE}
		{9AE93437-0183-D148-B8B7-7FB7FE588C8D} = {9AE93437-0183-D148-B8B7-7FB7FE588C8D}
		{8EEB0A74-F01B-E84F-BF5F-1CE58C3C6E87} = {8EEB0A74-F01B-E84F-BF5F-1CE58C3C6E87}
		{0C2D9C30-550F-E64F-B622-8FA91324092C} = {0C2D9C30-550F-E64F-B622-8FA91324092C}
		{764DD2E8-C533-2A49-97F9-D413415278AB} = {764DD2E8-C533-2A49-97F9-D413415278AB}
		{9A7A3084-36F2-DA4F-AD39-231327CEBB00} = {9A7A3084-36F2-DA4F-AD39-231327CEBB00}
	EndProjectSection
EndProject
Project("{8BC9CEB8-8B4A-11D0-8D11-00A0C91BC942}") = "Breakout", "Breakout.vcxproj", "{5E4E9F06-2CD0-354F-8079-E1365233B2A2}"
	ProjectSection(ProjectDependencies) = postProject
		{E18A817B-72CD-D241-A249-8AE70AA04BCE} = {E18A817B-72CD-D241-A249-8AE70AA04BCE}
		{9AE93437-0183-D148-B8B7-7FB7FE588C8D} = {9AE93437-0183-D148-B8B7-7FB7FE588C8D}
		{8EEB0A74-F01B-E84F-BF5F-1CE58C3C6E87} = {8EEB0A74-F01B-E84F-BF5F-1CE58C3C6E87}
		{0C2D9C30-550F-E64F-B622-8FA91324092C} = {0C2D9C30-550F-E64F-B622-8FA91324092C}
		{764DD2E8-C533-2A49-97F9-D413415278AB} = {764DD2E8-C533-2A49-97F9-D413415278AB}
		{9A7A3084-36F2-DA4F-AD39-231327CEBB00} = {9A7A3084-36F2-DA4F-AD39-231327CEBB00}
		{32BCCE16-7EEB-A54C-B8FC-41142626CBFC} = {32BCCE16-7EEB-A54C-B8FC-41142626CBFC}
	EndProjectSection
EndProject
Project("{8BC9CEB8-8B4A-11D0-8D11-00A0C91BC942}") = "BreakoutMain", "BreakoutMain.vcxproj", "{9A2DFCB7-86AF-6C4D-B4CB-2575D906CA52}"
	ProjectSection(ProjectDependencies) = postProject
		{5E4E9F06-2CD0-354F-8079-E1365233B2A2} = {5E4E9F06-2CD0-354F-8079-E1365233B2A2}
		{E18A817B-72CD-D241-A249-8AE70AA04BCE} = {E18A817B-72CD-D241-A249-8AE70AA04BCE}
		{9AE93437-0183-D148-B8B7-7FB7FE588C8D} = {9AE93437-0183-D148-B8B7-7FB7FE588C8D}
	EndProjectSection
EndProject
Global
	GlobalSection(SolutionConfigurationPlatforms) = preSolution
		Release|Win32 = Release|Win32
		Debug|Win32 = Debug|Win32
	EndGlobalSection
	GlobalSection(ProjectConfigurationPlatforms) = postSolution
		{E18A817B-72CD-D241-A249-8AE70AA04BCE}.Release|Win32.ActiveCfg = Release|Win32
		{E18A817B-72CD-D241-A249-8AE70AA04BCE}.Release|Win32.Build.0 = Release|Win32
		{E18A817B-72CD-D241-A249-8AE70AA04BCE}.Debug|Win32.ActiveCfg = Debug|Win32
		{E18A817B-72CD-D241-A249-8AE70AA04BCE}.Debug|Win32.Build.0 = Debug|Win32
		{9AE93437-0183-D148-B8B7-7FB7FE588C8D}.Release|Win32.ActiveCfg = Release|Win32
		{9AE93437-0183-D148-B8B7-7FB7FE588C8D}.Release|Win32.Build.0 = Release|Win32
		{9AE93437-0183-D148-B8B7-7FB7FE588C8D}.Debug|Win32.ActiveCfg = Debug|Win32
		{9AE93437-0183-D148-B8B7-7FB7FE588C8D}.Debug|Win32.Build.0 = Debug|Win32
		{8EEB0A74-F01B-E84F-BF5F-1CE58C3C6E87}.Release|Win32.ActiveCfg = Release|Win32
		{8EEB0A74-F01B-E84F-BF5F-1CE58C3C6E87}.Release|Win32.Build.0 = Release|Win32
		{8EEB0A74-F01B-E84F-BF5F-1CE58C3C6E87}.Debug|Win32.ActiveCfg = Debug|Win32
		{8EEB0A74-F01B-E84F-BF5F-1CE58C3C6E87}.Debug|Win32.Build.0 = Debug|Win32
		{0C2D9C30-550F-E64F-B622-8FA91324092C}.Release|Win32.ActiveCfg = Release|Win32
		{0C2D9C30-550F-E64F-B622-8FA91324092C}.Release|Win32.Build.0 = Release|Win32
		{0C2D9C30-550F-E64F-B622-8FA91324092C}.Debug|Win32.ActiveCfg = Debug|Win32
		{0C2D9C30-550F-E64F-B622-8FA91324092C}.Debug|Win32.Build.0 = Debug|Win32
		{764DD2E8-C533-2A49-97F9-D413415278AB}.Release|Win32.ActiveCfg = Release|Win32
		{764DD2E8-C533-2A49-97F9-D413415278AB}.Release|Win32.Build.0 = Release|Win32
		{764DD2E8-C533-2A49-97F9-D413415278AB}.Debug|Win32.ActiveCfg = Debug|Win32
		{764DD2E8-C533-2A49-97F9-D413415278AB}.Debug|Win32.Build.0 = Debug|Win32
		{9A7A3084-36F2-DA4F-AD39-231327CEBB00}.Release|Win32.ActiveCfg = Release|Win32
		{9A7A3084-36F2-DA4F-AD39-231327CEBB00}.Release|Win32.Build.0 = Release|Win32
		{9A7A3084-36F2-DA4F-AD39-231327CEBB00}.Debug|Win32.ActiveCfg = Debug|Win32
		{9A7A3084-36F2-DA4F-AD39-231327CEBB00}.Debug|Win32.Build.0 = Debug|Win32
		{32BCCE16-7EEB-A54C-B8FC-41142626CBFC}.Release|Win32.ActiveCfg = Release|Win32
		{32BCCE16-7EEB-A54C-B8FC-41142626CBFC}.Release|Win32.Build.0 = Release|Win32
		{32BCCE16-7EEB-A54C-B8FC-41142626CBFC}.Debug|Win32.ActiveCfg = Debug|Win32
		{32BCCE16-7EEB-A54C-B8FC-41142626CBFC}.Debug|Win32.Build.0 = Debug|Win32
		{5E4E9F06-2CD0-354F-8079-E1365233B2A2}.Release|Win32.ActiveCfg = Release|Win32
		{5E4E9F06-2CD0-354F-8079-E1365233B2A2}.Release|Win32.Build.0 = Release|Win32
		{5E4E9F06-2CD0-354F-8079-E1365233B2A2}.Debug|Win32.ActiveCfg = Debug|Win32
		{5E4E9F06-2CD0-354F-8079-E1365233B2A2}.Debug|Win32.Build.0 = Debug|Win32
		{9A2DFCB7-86AF-6C4D-B4CB-2575D906CA52}.Release|Win32.ActiveCfg = Release|Win32
		{9A2DFCB7-86AF-6C4D-B4CB-2575D906CA52}.Release|Win32.Build.0 = Release|Win32
		{9A2DFCB7-86AF-6C4D-B4CB-2575D906CA52}.Debug|Win32.ActiveCfg = Debug|Win32
		{9A2DFCB7-86AF-6C4D-B4CB-2575D906CA52}.Debug|Win32.Build.0 = Debug|Win32
	EndGlobalSection
	GlobalSection(SolutionProperties) = preSolution
		HideSolutionNode = FALSE
	EndGlobalSection
EndGlobal
