<?xml version="1.0" encoding="utf-8"?>
<Project ToolsVersion="4.0" xmlns="http://schemas.microsoft.com/developer/msbuild/2003">
  <ItemGroup>
    <Filter Include="Headers">
      <UniqueIdentifier>{5303E037-A891-D24D-AA32-C819811EB64F}</UniqueIdentifier>
    </Filter>
    <Filter Include="Sources">
      <UniqueIdentifier>{7189FA04-4CDA-9A4C-A78D-DEEEC9F9E1FC}</UniqueIdentifier>
    </Filter>
  </ItemGroup>
  <ItemGroup>
    <ClInclude Include="..\Source\Breakout\Includes\GameDefines.h">
      <Filter>Headers</Filter>
    </ClInclude>
    <ClInclude Include="..\Source\Breakout\src\Ball.h">
      <Filter>Headers</Filter>
    </ClInclude>
    <ClInclude Include="..\Source\Breakout\src\BaseBrick.h">
      <Filter>Headers</Filter>
    </ClInclude>
    <ClInclude Include="..\Source\Breakout\src\BreakoutConfig.h">
      <Filter>Headers</Filter>
    </ClInclude>
    <ClInclude Include="..\Source\Breakout\src\BreakoutControls.h">
      <Filter>Headers</Filter>
    </ClInclude>
    <ClInclude Include="..\Source\Breakout\src\BreakoutEntityFactory.h">
      <Filter>Headers</Filter>
    </ClInclude>
    <ClInclude Include="..\Source\Breakout\src\BreakoutView.h">
      <Filter>Headers</Filter>
    </ClInclude>
    <ClInclude Include="..\Source\Breakout\src\BrickDestroyedEventData.h">
      <Filter>Headers</Filter>
    </ClInclude>
    <ClInclude Include="..\Source\Breakout\src\EscapePressedEventData.h">
      <Filter>Headers</Filter>
    </ClInclude>
    <ClInclude Include="..\Source\Breakout\src\Game.h">
      <Filter>Headers</Filter>
    </ClInclude>
    <ClInclude Include="..\Source\Breakout\src\GameFlowStateMachine.h">
      <Filter>Headers</Filter>
    </ClInclude>
    <ClInclude Include="..\Source\Breakout\src\GameFlowStates.h">
      <Filter>Headers</Filter>
    </ClInclude>
    <ClInclude Include="..\Source\Breakout\src\Level.h">
      <Filter>Headers</Filter>
    </ClInclude>
    <ClInclude Include="..\Source\Breakout\src\LifeLostEventData.h">
      <Filter>Headers</Filter>
    </ClInclude>
    <ClInclude Include="..\Source\Breakout\src\Messages.h">
      <Filter>Headers</Filter>
    </ClInclude>
    <ClInclude Include="..\Source\Breakout\src\Paddle.h">
      <Filter>Headers</Filter>
    </ClInclude>
    <ClInclude Include="..\Source\Breakout\src\StateHelpScreen.h">
      <Filter>Headers</Filter>
    </ClInclude>
    <ClInclude Include="..\Source\Breakout\src\StateHighScoreScreen.h">
      <Filter>Headers</Filter>
    </ClInclude>
    <ClInclude Include="..\Source\Breakout\src\StateMenuScreen.h">
      <Filter>Headers</Filter>
    </ClInclude>
    <ClInclude Include="..\Source\Breakout\src\StateOptionScreen.h">
      <Filter>Headers</Filter>
    </ClInclude>
    <ClInclude Include="..\Source\Breakout\src\StatePauseScreen.h">
      <Filter>Headers</Filter>
    </ClInclude>
    <ClInclude Include="..\Source\Breakout\src\StatePlayGame.h">
      <Filter>Headers</Filter>
    </ClInclude>
    <ClInclude Include="..\Source\Breakout\src\StateRedefineControlsScreen.h">
      <Filter>Headers</Filter>
    </ClInclude>
    <ClInclude Include="..\Source\Breakout\src\StateTitleScreen.h">
      <Filter>Headers</Filter>
    </ClInclude>
    <ClInclude Include="..\Source\Breakout\src\stdafx.h">
      <Filter>Headers</Filter>
    </ClInclude>
    <ClInclude Include="..\Source\Breakout\src\Wall.h">
      <Filter>Headers</Filter>
    </ClInclude>
    <ClInclude Include="..\Source\Breakout\Includes\Game.hxx">
      <Filter>Headers</Filter>
    </ClInclude>
  </ItemGroup>
  <ItemGroup>
    <ClCompile Include="..\Source\Breakout\src\Ball.cpp">
      <Filter>Sources</Filter>
    </ClCompile>
    <ClCompile Include="..\Source\Breakout\src\BaseBrick.cpp">
      <Filter>Sources</Filter>
    </ClCompile>
    <ClCompile Include="..\Source\Breakout\src\BreakoutConfig.cpp">
      <Filter>Sources</Filter>
    </ClCompile>
    <ClCompile Include="..\Source\Breakout\src\BreakoutControls.cpp">
      <Filter>Sources</Filter>
    </ClCompile>
    <ClCompile Include="..\Source\Breakout\src\BreakoutEntityFactory.cpp">
      <Filter>Sources</Filter>
    </ClCompile>
    <ClCompile Include="..\Source\Breakout\src\BreakoutView.cpp">
      <Filter>Sources</Filter>
    </ClCompile>
    <ClCompile Include="..\Source\Breakout\src\BrickDestroyedEventData.cpp">
      <Filter>Sources</Filter>
    </ClCompile>
    <ClCompile Include="..\Source\Breakout\src\EscapePressedEventData.cpp">
      <Filter>Sources</Filter>
    </ClCompile>
    <ClCompile Include="..\Source\Breakout\src\Game.cpp">
      <Filter>Sources</Filter>
    </ClCompile>
    <ClCompile Include="..\Source\Breakout\src\GameFlowStateMachine.cpp">
      <Filter>Sources</Filter>
    </ClCompile>
    <ClCompile Include="..\Source\Breakout\src\GameFlowStates.cpp">
      <Filter>Sources</Filter>
    </ClCompile>
    <ClCompile Include="..\Source\Breakout\src\Level.cpp">
      <Filter>Sources</Filter>
    </ClCompile>
    <ClCompile Include="..\Source\Breakout\src\LifeLostEventData.cpp">
      <Filter>Sources</Filter>
    </ClCompile>
    <ClCompile Include="..\Source\Breakout\src\Paddle.cpp">
      <Filter>Sources</Filter>
    </ClCompile>
    <ClCompile Include="..\Source\Breakout\src\StateHelpScreen.cpp">
      <Filter>Sources</Filter>
    </ClCompile>
    <ClCompile Include="..\Source\Breakout\src\StateHighScoreScreen.cpp">
      <Filter>Sources</Filter>
    </ClCompile>
    <ClCompile Include="..\Source\Breakout\src\StateMenuScreen.cpp">
      <Filter>Sources</Filter>
    </ClCompile>
    <ClCompile Include="..\Source\Breakout\src\StateOptionScreen.cpp">
      <Filter>Sources</Filter>
    </ClCompile>
    <ClCompile Include="..\Source\Breakout\src\StatePauseScreen.cpp">
      <Filter>Sources</Filter>
    </ClCompile>
    <ClCompile Include="..\Source\Breakout\src\StatePlayGame.cpp">
      <Filter>Sources</Filter>
    </ClCompile>
    <ClCompile Include="..\Source\Breakout\src\StateRedefineControlsScreen.cpp">
      <Filter>Sources</Filter>
    </ClCompile>
    <ClCompile Include="..\Source\Breakout\src\StateTitleScreen.cpp">
      <Filter>Sources</Filter>
    </ClCompile>
    <ClCompile Include="..\Source\Breakout\src\stdafx.cpp">
      <Filter>Sources</Filter>
    </ClCompile>
    <ClCompile Include="..\Source\Breakout\src\Wall.cpp">
      <Filter>Sources</Filter>
    </ClCompile>
  </ItemGroup>
</Project>
