<?xml version="1.0" encoding="utf-8"?>
<Project ToolsVersion="4.0" xmlns="http://schemas.microsoft.com/developer/msbuild/2003">
  <ItemGroup>
    <Filter Include="Headers">
      <UniqueIdentifier>{9A4C5D8B-2015-8E4E-9CDC-4358EA8C7A6C}</UniqueIdentifier>
    </Filter>
    <Filter Include="Sources">
      <UniqueIdentifier>{96427E88-0649-BB41-8A46-FF8177C0D9B8}</UniqueIdentifier>
    </Filter>
  </ItemGroup>
  <ItemGroup>
    <ClInclude Include="..\Engine\Source\GraphicsEngine\Includes\ControlStructures.h">
      <Filter>Headers</Filter>
    </ClInclude>
    <ClInclude Include="..\Engine\Source\GraphicsEngine\Includes\GraphicEngineDefines.h">
      <Filter>Headers</Filter>
    </ClInclude>
    <ClInclude Include="..\Engine\Source\GraphicsEngine\Includes\vertexstruct.h">
      <Filter>Headers</Filter>
    </ClInclude>
    <ClInclude Include="..\Engine\Source\GraphicsEngine\src\AABB.h">
      <Filter>Headers</Filter>
    </ClInclude>
    <ClInclude Include="..\Engine\Source\GraphicsEngine\src\BaseControl.h">
      <Filter>Headers</Filter>
    </ClInclude>
    <ClInclude Include="..\Engine\Source\GraphicsEngine\src\BaseShader.h">
      <Filter>Headers</Filter>
    </ClInclude>
    <ClInclude Include="..\Engine\Source\GraphicsEngine\src\BoundingBox.h">
      <Filter>Headers</Filter>
    </ClInclude>
    <ClInclude Include="..\Engine\Source\GraphicsEngine\src\ButtonControl.h">
      <Filter>Headers</Filter>
    </ClInclude>
    <ClInclude Include="..\Engine\Source\GraphicsEngine\src\Camera.h">
      <Filter>Headers</Filter>
    </ClInclude>
    <ClInclude Include="..\Engine\Source\GraphicsEngine\src\CheckBoxControl.h">
      <Filter>Headers</Filter>
    </ClInclude>
    <ClInclude Include="..\Engine\Source\GraphicsEngine\src\CollisionChecker.h">
      <Filter>Headers</Filter>
    </ClInclude>
    <ClInclude Include="..\Engine\Source\GraphicsEngine\src\ColorShader.h">
      <Filter>Headers</Filter>
    </ClInclude>
    <ClInclude Include="..\Engine\Source\GraphicsEngine\src\DxBase.h">
      <Filter>Headers</Filter>
    </ClInclude>
    <ClInclude Include="..\Engine\Source\GraphicsEngine\src\Font.h">
      <Filter>Headers</Filter>
    </ClInclude>
    <ClInclude Include="..\Engine\Source\GraphicsEngine\src\FontManager.h">
      <Filter>Headers</Filter>
    </ClInclude>
    <ClInclude Include="..\Engine\Source\GraphicsEngine\src\FontShader.h">
      <Filter>Headers</Filter>
    </ClInclude>
    <ClInclude Include="..\Engine\Source\GraphicsEngine\src\GraphicsClass.h">
      <Filter>Headers</Filter>
    </ClInclude>
    <ClInclude Include="..\Engine\Source\GraphicsEngine\src\GraphicUtils.h">
      <Filter>Headers</Filter>
    </ClInclude>
    <ClInclude Include="..\Engine\Source\GraphicsEngine\src\HScrollBar.h">
      <Filter>Headers</Filter>
    </ClInclude>
    <ClInclude Include="..\Engine\Source\GraphicsEngine\src\LabelControl.h">
      <Filter>Headers</Filter>
    </ClInclude>
    <ClInclude Include="..\Engine\Source\GraphicsEngine\src\Model.h">
      <Filter>Headers</Filter>
    </ClInclude>
    <ClInclude Include="..\Engine\Source\GraphicsEngine\src\ObjModelLoader.h">
      <Filter>Headers</Filter>
    </ClInclude>
    <ClInclude Include="..\Engine\Source\GraphicsEngine\src\ScrollBarControl.h">
      <Filter>Headers</Filter>
    </ClInclude>
    <ClInclude Include="..\Engine\Source\GraphicsEngine\src\Sentence.h">
      <Filter>Headers</Filter>
    </ClInclude>
    <ClInclude Include="..\Engine\Source\GraphicsEngine\src\ShaderManager.h">
      <Filter>Headers</Filter>
    </ClInclude>
    <ClInclude Include="..\Engine\Source\GraphicsEngine\src\Sprite.h">
      <Filter>Headers</Filter>
    </ClInclude>
    <ClInclude Include="..\Engine\Source\GraphicsEngine\src\stdafx.h">
      <Filter>Headers</Filter>
    </ClInclude>
    <ClInclude Include="..\Engine\Source\GraphicsEngine\src\TextBoxControl.h">
      <Filter>Headers</Filter>
    </ClInclude>
    <ClInclude Include="..\Engine\Source\GraphicsEngine\src\Texture.h">
      <Filter>Headers</Filter>
    </ClInclude>
    <ClInclude Include="..\Engine\Source\GraphicsEngine\src\TextureManager.h">
      <Filter>Headers</Filter>
    </ClInclude>
    <ClInclude Include="..\Engine\Source\GraphicsEngine\src\TextureShader.h">
      <Filter>Headers</Filter>
    </ClInclude>
    <ClInclude Include="..\Engine\Source\GraphicsEngine\src\UiControlFactory.h">
      <Filter>Headers</Filter>
    </ClInclude>
    <ClInclude Include="..\Engine\Source\GraphicsEngine\src\UiManager.h">
      <Filter>Headers</Filter>
    </ClInclude>
    <ClInclude Include="..\Engine\Source\GraphicsEngine\src\VScrollBar.h">
      <Filter>Headers</Filter>
    </ClInclude>
    <ClInclude Include="..\Engine\Source\GraphicsEngine\src\WindowControl.h">
      <Filter>Headers</Filter>
    </ClInclude>
    <ClInclude Include="..\Engine\Source\GraphicsEngine\Includes\AABB.hxx">
      <Filter>Headers</Filter>
    </ClInclude>
    <ClInclude Include="..\Engine\Source\GraphicsEngine\Includes\BaseControl.hxx">
      <Filter>Headers</Filter>
    </ClInclude>
    <ClInclude Include="..\Engine\Source\GraphicsEngine\Includes\Camera.hxx">
      <Filter>Headers</Filter>
    </ClInclude>
    <ClInclude Include="..\Engine\Source\GraphicsEngine\Includes\CollisionChecker.hxx">
      <Filter>Headers</Filter>
    </ClInclude>
    <ClInclude Include="..\Engine\Source\GraphicsEngine\Includes\GraphicsClass.hxx">
      <Filter>Headers</Filter>
    </ClInclude>
    <ClInclude Include="..\Engine\Source\GraphicsEngine\Includes\GraphicUtils.hxx">
      <Filter>Headers</Filter>
    </ClInclude>
    <ClInclude Include="..\Engine\Source\GraphicsEngine\Includes\KeyboardHandler.hxx">
      <Filter>Headers</Filter>
    </ClInclude>
    <ClInclude Include="..\Engine\Source\GraphicsEngine\Includes\Model.hxx">
      <Filter>Headers</Filter>
    </ClInclude>
    <ClInclude Include="..\Engine\Source\GraphicsEngine\Includes\MouseHandler.hxx">
      <Filter>Headers</Filter>
    </ClInclude>
    <ClInclude Include="..\Engine\Source\GraphicsEngine\Includes\ScreenElement.hxx">
      <Filter>Headers</Filter>
    </ClInclude>
    <ClInclude Include="..\Engine\Source\GraphicsEngine\Includes\Sentence.hxx">
      <Filter>Headers</Filter>
    </ClInclude>
    <ClInclude Include="..\Engine\Source\GraphicsEngine\Includes\Sprite.hxx">
      <Filter>Headers</Filter>
    </ClInclude>
    <ClInclude Include="..\Engine\Source\GraphicsEngine\Includes\UiManager.hxx">
      <Filter>Headers</Filter>
    </ClInclude>
    <ClInclude Include="..\Engine\Source\GraphicsEngine\src\BoundingBox.hxx">
      <Filter>Headers</Filter>
    </ClInclude>
    <ClInclude Include="..\Engine\Source\GraphicsEngine\src\DxBase.hxx">
      <Filter>Headers</Filter>
    </ClInclude>
    <ClInclude Include="..\Engine\Source\GraphicsEngine\src\Font.hxx">
      <Filter>Headers</Filter>
    </ClInclude>
    <ClInclude Include="..\Engine\Source\GraphicsEngine\src\FontManager.hxx">
      <Filter>Headers</Filter>
    </ClInclude>
    <ClInclude Include="..\Engine\Source\GraphicsEngine\src\ObjModelLoader.hxx">
      <Filter>Headers</Filter>
    </ClInclude>
    <ClInclude Include="..\Engine\Source\GraphicsEngine\src\Shader.hxx">
      <Filter>Headers</Filter>
    </ClInclude>
    <ClInclude Include="..\Engine\Source\GraphicsEngine\src\ShaderManager.hxx">
      <Filter>Headers</Filter>
    </ClInclude>
    <ClInclude Include="..\Engine\Source\GraphicsEngine\src\Texture.hxx">
      <Filter>Headers</Filter>
    </ClInclude>
    <ClInclude Include="..\Engine\Source\GraphicsEngine\src\TextureManager.hxx">
      <Filter>Headers</Filter>
    </ClInclude>
  </ItemGroup>
  <ItemGroup>
    <ClCompile Include="..\Engine\Source\GraphicsEngine\src\AABB.cpp">
      <Filter>Sources</Filter>
    </ClCompile>
    <ClCompile Include="..\Engine\Source\GraphicsEngine\src\BaseControl.cpp">
      <Filter>Sources</Filter>
    </ClCompile>
    <ClCompile Include="..\Engine\Source\GraphicsEngine\src\BaseShader.cpp">
      <Filter>Sources</Filter>
    </ClCompile>
    <ClCompile Include="..\Engine\Source\GraphicsEngine\src\BoundingBox.cpp">
      <Filter>Sources</Filter>
    </ClCompile>
    <ClCompile Include="..\Engine\Source\GraphicsEngine\src\ButtonControl.cpp">
      <Filter>Sources</Filter>
    </ClCompile>
    <ClCompile Include="..\Engine\Source\GraphicsEngine\src\Camera.cpp">
      <Filter>Sources</Filter>
    </ClCompile>
    <ClCompile Include="..\Engine\Source\GraphicsEngine\src\CheckBoxControl.cpp">
      <Filter>Sources</Filter>
    </ClCompile>
    <ClCompile Include="..\Engine\Source\GraphicsEngine\src\CollisionChecker.cpp">
      <Filter>Sources</Filter>
    </ClCompile>
    <ClCompile Include="..\Engine\Source\GraphicsEngine\src\ColorShader.cpp">
      <Filter>Sources</Filter>
    </ClCompile>
    <ClCompile Include="..\Engine\Source\GraphicsEngine\src\DxBase.cpp">
      <Filter>Sources</Filter>
    </ClCompile>
    <ClCompile Include="..\Engine\Source\GraphicsEngine\src\Font.cpp">
      <Filter>Sources</Filter>
    </ClCompile>
    <ClCompile Include="..\Engine\Source\GraphicsEngine\src\FontManager.cpp">
      <Filter>Sources</Filter>
    </ClCompile>
    <ClCompile Include="..\Engine\Source\GraphicsEngine\src\FontShader.cpp">
      <Filter>Sources</Filter>
    </ClCompile>
    <ClCompile Include="..\Engine\Source\GraphicsEngine\src\GraphicsClass.cpp">
      <Filter>Sources</Filter>
    </ClCompile>
    <ClCompile Include="..\Engine\Source\GraphicsEngine\src\GraphicUtils.cpp">
      <Filter>Sources</Filter>
    </ClCompile>
    <ClCompile Include="..\Engine\Source\GraphicsEngine\src\HScrollBar.cpp">
      <Filter>Sources</Filter>
    </ClCompile>
    <ClCompile Include="..\Engine\Source\GraphicsEngine\src\LabelControl.cpp">
      <Filter>Sources</Filter>
    </ClCompile>
    <ClCompile Include="..\Engine\Source\GraphicsEngine\src\Model.cpp">
      <Filter>Sources</Filter>
    </ClCompile>
    <ClCompile Include="..\Engine\Source\GraphicsEngine\src\ObjModelLoader.cpp">
      <Filter>Sources</Filter>
    </ClCompile>
    <ClCompile Include="..\Engine\Source\GraphicsEngine\src\ScrollBarControl.cpp">
      <Filter>Sources</Filter>
    </ClCompile>
    <ClCompile Include="..\Engine\Source\GraphicsEngine\src\Sentence.cpp">
      <Filter>Sources</Filter>
    </ClCompile>
    <ClCompile Include="..\Engine\Source\GraphicsEngine\src\ShaderManager.cpp">
      <Filter>Sources</Filter>
    </ClCompile>
    <ClCompile Include="..\Engine\Source\GraphicsEngine\src\Sprite.cpp">
      <Filter>Sources</Filter>
    </ClCompile>
    <ClCompile Include="..\Engine\Source\GraphicsEngine\src\stdafx.cpp">
      <Filter>Sources</Filter>
    </ClCompile>
    <ClCompile Include="..\Engine\Source\GraphicsEngine\src\TextBoxControl.cpp">
      <Filter>Sources</Filter>
    </ClCompile>
    <ClCompile Include="..\Engine\Source\GraphicsEngine\src\Texture.cpp">
      <Filter>Sources</Filter>
    </ClCompile>
    <ClCompile Include="..\Engine\Source\GraphicsEngine\src\TextureManager.cpp">
      <Filter>Sources</Filter>
    </ClCompile>
    <ClCompile Include="..\Engine\Source\GraphicsEngine\src\TextureShader.cpp">
      <Filter>Sources</Filter>
    </ClCompile>
    <ClCompile Include="..\Engine\Source\GraphicsEngine\src\UiControlFactory.cpp">
      <Filter>Sources</Filter>
    </ClCompile>
    <ClCompile Include="..\Engine\Source\GraphicsEngine\src\UiManager.cpp">
      <Filter>Sources</Filter>
    </ClCompile>
    <ClCompile Include="..\Engine\Source\GraphicsEngine\src\VertexStruct.cpp">
      <Filter>Sources</Filter>
    </ClCompile>
    <ClCompile Include="..\Engine\Source\GraphicsEngine\src\VScrollBar.cpp">
      <Filter>Sources</Filter>
    </ClCompile>
    <ClCompile Include="..\Engine\Source\GraphicsEngine\src\WindowControl.cpp">
      <Filter>Sources</Filter>
    </ClCompile>
  </ItemGroup>
</Project>
