<?xml version="1.0" encoding="utf-8"?>
<Project ToolsVersion="4.0" xmlns="http://schemas.microsoft.com/developer/msbuild/2003">
  <ItemGroup>
    <Filter Include="Headers">
      <UniqueIdentifier>{18F57B40-407D-0D40-9B9B-0FE6C6960CB3}</UniqueIdentifier>
    </Filter>
    <Filter Include="Sources">
      <UniqueIdentifier>{E8A41B29-1991-8148-AF24-ABA178F7C395}</UniqueIdentifier>
    </Filter>
  </ItemGroup>
  <ItemGroup>
    <ClInclude Include="..\Engine\Source\Physics\Includes\PhysicsDefines.h">
      <Filter>Headers</Filter>
    </ClInclude>
    <ClInclude Include="..\Engine\Source\Physics\src\CollisionInfo.h">
      <Filter>Headers</Filter>
    </ClInclude>
    <ClInclude Include="..\Engine\Source\Physics\src\Physics.h">
      <Filter>Headers</Filter>
    </ClInclude>
    <ClInclude Include="..\Engine\Source\Physics\src\QTNode.h">
      <Filter>Headers</Filter>
    </ClInclude>
    <ClInclude Include="..\Engine\Source\Physics\src\QuadTree.h">
      <Filter>Headers</Filter>
    </ClInclude>
    <ClInclude Include="..\Engine\Source\Physics\src\RectangleShape.h">
      <Filter>Headers</Filter>
    </ClInclude>
    <ClInclude Include="..\Engine\Source\Physics\src\RigidBody.h">
      <Filter>Headers</Filter>
    </ClInclude>
    <ClInclude Include="..\Engine\Source\Physics\src\Shape.h">
      <Filter>Headers</Filter>
    </ClInclude>
    <ClInclude Include="..\Engine\Source\Physics\src\stdafx.h">
      <Filter>Headers</Filter>
    </ClInclude>
    <ClInclude Include="..\Engine\Source\Physics\Includes\Physics.hxx">
      <Filter>Headers</Filter>
    </ClInclude>
    <ClInclude Include="..\Engine\Source\Physics\Includes\RigidBody.hxx">
      <Filter>Headers</Filter>
    </ClInclude>
    <ClInclude Include="..\Engine\Source\Physics\src\Shape.hxx">
      <Filter>Headers</Filter>
    </ClInclude>
  </ItemGroup>
  <ItemGroup>
    <ClCompile Include="..\Engine\Source\Physics\src\CollisionInfo.cpp">
      <Filter>Sources</Filter>
    </ClCompile>
    <ClCompile Include="..\Engine\Source\Physics\src\Physics.cpp">
      <Filter>Sources</Filter>
    </ClCompile>
    <ClCompile Include="..\Engine\Source\Physics\src\QTNode.cpp">
      <Filter>Sources</Filter>
    </ClCompile>
    <ClCompile Include="..\Engine\Source\Physics\src\QuadTree.cpp">
      <Filter>Sources</Filter>
    </ClCompile>
    <ClCompile Include="..\Engine\Source\Physics\src\RectangleShape.cpp">
      <Filter>Sources</Filter>
    </ClCompile>
    <ClCompile Include="..\Engine\Source\Physics\src\RigidBody.cpp">
      <Filter>Sources</Filter>
    </ClCompile>
    <ClCompile Include="..\Engine\Source\Physics\src\Shape.cpp">
      <Filter>Sources</Filter>
    </ClCompile>
    <ClCompile Include="..\Engine\Source\Physics\src\stdafx.cpp">
      <Filter>Sources</Filter>
    </ClCompile>
  </ItemGroup>
</Project>
