<?xml version="1.0" encoding="utf-8"?>
<Project ToolsVersion="4.0" xmlns="http://schemas.microsoft.com/developer/msbuild/2003">
  <ItemGroup>
    <Filter Include="Headers">
      <UniqueIdentifier>{3C1F205A-3433-614B-834B-372216D20E97}</UniqueIdentifier>
    </Filter>
    <Filter Include="Sources">
      <UniqueIdentifier>{1335A836-C8EA-AC43-AC26-113FE51A69B5}</UniqueIdentifier>
    </Filter>
  </ItemGroup>
  <ItemGroup>
    <ClInclude Include="..\Engine\Source\Sound\Includes\SoundDefines.h">
      <Filter>Headers</Filter>
    </ClInclude>
    <ClInclude Include="..\Engine\Source\Sound\src\Audio.h">
      <Filter>Headers</Filter>
    </ClInclude>
    <ClInclude Include="..\Engine\Source\Sound\src\AudioBuffer.h">
      <Filter>Headers</Filter>
    </ClInclude>
    <ClInclude Include="..\Engine\Source\Sound\src\DirectSoundAudio.h">
      <Filter>Headers</Filter>
    </ClInclude>
    <ClInclude Include="..\Engine\Source\Sound\src\DirectSoundAudioBuffer.h">
      <Filter>Headers</Filter>
    </ClInclude>
    <ClInclude Include="..\Engine\Source\Sound\src\SoundProcess.h">
      <Filter>Headers</Filter>
    </ClInclude>
    <ClInclude Include="..\Engine\Source\Sound\src\SoundResource.h">
      <Filter>Headers</Filter>
    </ClInclude>
    <ClInclude Include="..\Engine\Source\Sound\src\stdafx.h">
      <Filter>Headers</Filter>
    </ClInclude>
    <ClInclude Include="..\Engine\Source\Sound\Includes\Audio.hxx">
      <Filter>Headers</Filter>
    </ClInclude>
    <ClInclude Include="..\Engine\Source\Sound\Includes\SoundProcess.hxx">
      <Filter>Headers</Filter>
    </ClInclude>
    <ClInclude Include="..\Engine\Source\Sound\Includes\SoundResource.hxx">
      <Filter>Headers</Filter>
    </ClInclude>
    <ClInclude Include="..\Engine\Source\Sound\src\AudioBuffer.hxx">
      <Filter>Headers</Filter>
    </ClInclude>
  </ItemGroup>
  <ItemGroup>
    <ClCompile Include="..\Engine\Source\Sound\src\Audio.cpp">
      <Filter>Sources</Filter>
    </ClCompile>
    <ClCompile Include="..\Engine\Source\Sound\src\AudioBuffer.cpp">
      <Filter>Sources</Filter>
    </ClCompile>
    <ClCompile Include="..\Engine\Source\Sound\src\DirectSoundAudio.cpp">
      <Filter>Sources</Filter>
    </ClCompile>
    <ClCompile Include="..\Engine\Source\Sound\src\DirectSoundAudioBuffer.cpp">
      <Filter>Sources</Filter>
    </ClCompile>
    <ClCompile Include="..\Engine\Source\Sound\src\SoundProcess.cpp">
      <Filter>Sources</Filter>
    </ClCompile>
    <ClCompile Include="..\Engine\Source\Sound\src\SoundResource.cpp">
      <Filter>Sources</Filter>
    </ClCompile>
    <ClCompile Include="..\Engine\Source\Sound\src\stdafx.cpp">
      <Filter>Sources</Filter>
    </ClCompile>
  </ItemGroup>
</Project>
