<?xml version="1.0" encoding="utf-8"?>
<Project ToolsVersion="4.0" xmlns="http://schemas.microsoft.com/developer/msbuild/2003">
  <ItemGroup>
    <Filter Include="Elements">
      <UniqueIdentifier>{33aa9349-f52f-45b0-8673-d789231736c5}</UniqueIdentifier>
    </Filter>
  </ItemGroup>
  <ItemGroup>
    <ClInclude Include="src\BreakoutView.h" />
    <ClInclude Include="stdafx.h" />
    <ClInclude Include="src\Game.h" />
    <ClInclude Include="Includes\Game.hxx" />
    <ClInclude Include="Includes\GameDefines.h" />
    <ClInclude Include="src\GameFlowStateMachine.h" />
    <ClInclude Include="src\Messages.h" />
    <ClInclude Include="src\Paddle.h">
      <Filter>Elements</Filter>
    </ClInclude>
  </ItemGroup>
  <ItemGroup>
    <ClCompile Include="src\BreakoutView.cpp" />
    <ClCompile Include="stdafx.cpp" />
    <ClCompile Include="src\Game.cpp" />
    <ClCompile Include="src\GameFlowStateMachine.cpp" />
    <ClCompile Include="src\Paddle.cpp">
      <Filter>Elements</Filter>
    </ClCompile>
  </ItemGroup>
</Project>