<?xml version="1.0" encoding="utf-8"?>
<Project ToolsVersion="4.0" xmlns="http://schemas.microsoft.com/developer/msbuild/2003">
  <ItemGroup>
    <Filter Include="Elements">
      <UniqueIdentifier>{33aa9349-f52f-45b0-8673-d789231736c5}</UniqueIdentifier>
    </Filter>
    <Filter Include="States">
      <UniqueIdentifier>{b5bf78bb-9ac9-4471-a9da-3212340a776d}</UniqueIdentifier>
    </Filter>
    <Filter Include="Events">
      <UniqueIdentifier>{93314232-7674-43b9-8423-c602f5dc1b1c}</UniqueIdentifier>
    </Filter>
  </ItemGroup>
  <ItemGroup>
    <ClInclude Include="src\BreakoutView.h" />
    <ClInclude Include="stdafx.h" />
    <ClInclude Include="src\Game.h" />
    <ClInclude Include="Includes\Game.hxx" />
    <ClInclude Include="Includes\GameDefines.h" />
    <ClInclude Include="src\GameFlowStateMachine.h" />
    <ClInclude Include="src\Messages.h" />
    <ClInclude Include="src\Paddle.h">
      <Filter>Elements</Filter>
    </ClInclude>
    <ClInclude Include="src\StatePlayGame.h">
      <Filter>States</Filter>
    </ClInclude>
    <ClInclude Include="src\GameFlowStates.h">
      <Filter>States</Filter>
    </ClInclude>
    <ClInclude Include="src\BreakoutEntityFactory.h" />
    <ClInclude Include="src\Ball.h">
      <Filter>Elements</Filter>
    </ClInclude>
    <ClInclude Include="src\Level.h" />
    <ClInclude Include="src\BaseBrick.h">
      <Filter>Elements</Filter>
    </ClInclude>
    <ClInclude Include="src\EscapePressedEventData.h">
      <Filter>Events</Filter>
    </ClInclude>
    <ClInclude Include="src\Wall.h">
      <Filter>Elements</Filter>
    </ClInclude>
    <ClInclude Include="src\StateTitleScreen.h">
      <Filter>States</Filter>
    </ClInclude>
    <ClInclude Include="src\StateMenuScreen.h">
      <Filter>States</Filter>
    </ClInclude>
    <ClInclude Include="src\StateOptionScreen.h">
      <Filter>States</Filter>
    </ClInclude>
    <ClInclude Include="src\StatePauseScreen.h">
      <Filter>States</Filter>
    </ClInclude>
    <ClInclude Include="src\LifeLostEventData.h">
      <Filter>Events</Filter>
    </ClInclude>
    <ClInclude Include="src\BreakoutConfig.h" />
    <ClInclude Include="src\BrickDestroyedEventData.h">
      <Filter>Events</Filter>
    </ClInclude>
    <ClInclude Include="src\StateHelpScreen.h">
      <Filter>States</Filter>
    </ClInclude>
    <ClInclude Include="src\StateHighScoreScreen.h">
      <Filter>States</Filter>
    </ClInclude>
  </ItemGroup>
  <ItemGroup>
    <ClCompile Include="src\BreakoutView.cpp" />
    <ClCompile Include="stdafx.cpp" />
    <ClCompile Include="src\Game.cpp" />
    <ClCompile Include="src\GameFlowStateMachine.cpp" />
    <ClCompile Include="src\Paddle.cpp">
      <Filter>Elements</Filter>
    </ClCompile>
    <ClCompile Include="src\StatePlayGame.cpp">
      <Filter>States</Filter>
    </ClCompile>
    <ClCompile Include="src\BreakoutEntityFactory.cpp" />
    <ClCompile Include="src\Ball.cpp">
      <Filter>Elements</Filter>
    </ClCompile>
    <ClCompile Include="src\Level.cpp" />
    <ClCompile Include="src\BaseBrick.cpp">
      <Filter>Elements</Filter>
    </ClCompile>
    <ClCompile Include="src\EscapePressedEventData.cpp">
      <Filter>Events</Filter>
    </ClCompile>
    <ClCompile Include="src\Wall.cpp">
      <Filter>Elements</Filter>
    </ClCompile>
    <ClCompile Include="src\StateTitleScreen.cpp">
      <Filter>States</Filter>
    </ClCompile>
    <ClCompile Include="src\StateMenuScreen.cpp">
      <Filter>States</Filter>
    </ClCompile>
    <ClCompile Include="GameFlowStates.cpp">
      <Filter>States</Filter>
    </ClCompile>
    <ClCompile Include="src\StateOptionScreen.cpp">
      <Filter>States</Filter>
    </ClCompile>
    <ClCompile Include="src\StatePauseScreen.cpp">
      <Filter>States</Filter>
    </ClCompile>
    <ClCompile Include="src\LifeLostEventData.cpp">
      <Filter>Events</Filter>
    </ClCompile>
    <ClCompile Include="src\BreakoutConfig.cpp" />
    <ClCompile Include="src\BrickDestroyedEventData.cpp">
      <Filter>Events</Filter>
    </ClCompile>
    <ClCompile Include="src\StateHelpScreen.cpp">
      <Filter>States</Filter>
    </ClCompile>
    <ClCompile Include="src\StateHighScoreScreen.cpp">
      <Filter>States</Filter>
    </ClCompile>
  </ItemGroup>
</Project>