
Microsoft Visual Studio Solution File, Format Version 11.00
# Visual C++ Express 2010
Project("{8BC9CEB8-8B4A-11D0-8D11-00A0C91BC942}") = "Breakout", "Breakout\Breakout.vcxproj", "{3E2C7E8C-0424-4275-93EE-00EE2070E242}"
	ProjectSection(ProjectDependencies) = postProject
		{74220F22-9039-453B-81F0-44BEA935E6D9} = {74220F22-9039-453B-81F0-44BEA935E6D9}
		{2E32B536-7150-4AB7-932A-E9ADEC9CFA87} = {2E32B536-7150-4AB7-932A-E9ADEC9CFA87}
		{7FA30A50-D902-4EB0-B0DC-5594304486E9} = {7FA30A50-D902-4EB0-B0DC-5594304486E9}
		{00226575-C4FA-463A-941B-EA9FB2012521} = {00226575-C4FA-463A-941B-EA9FB2012521}
		{D04BBE9D-7B69-4A6E-83C5-DFA72B4DE76A} = {D04BBE9D-7B69-4A6E-83C5-DFA72B4DE76A}
		{D6C5B6D7-4503-42DD-9174-37B3B81C5926} = {D6C5B6D7-4503-42DD-9174-37B3B81C5926}
		{B1A264DA-55CA-4CC8-9EAF-5D251ECAE276} = {B1A264DA-55CA-4CC8-9EAF-5D251ECAE276}
	EndProjectSection
EndProject
Project("{8BC9CEB8-8B4A-11D0-8D11-00A0C91BC942}") = "BreakoutMain", "BreakoutMain\BreakoutMain.vcxproj", "{14511519-4E3C-4640-8F51-13C1C423D91F}"
	ProjectSection(ProjectDependencies) = postProject
		{74220F22-9039-453B-81F0-44BEA935E6D9} = {74220F22-9039-453B-81F0-44BEA935E6D9}
		{3E2C7E8C-0424-4275-93EE-00EE2070E242} = {3E2C7E8C-0424-4275-93EE-00EE2070E242}
		{D04BBE9D-7B69-4A6E-83C5-DFA72B4DE76A} = {D04BBE9D-7B69-4A6E-83C5-DFA72B4DE76A}
		{D6C5B6D7-4503-42DD-9174-37B3B81C5926} = {D6C5B6D7-4503-42DD-9174-37B3B81C5926}
	EndProjectSection
EndProject
Project("{8BC9CEB8-8B4A-11D0-8D11-00A0C91BC942}") = "AI", "..\Engine\Source\AI\AI.vcxproj", "{B1A264DA-55CA-4CC8-9EAF-5D251ECAE276}"
	ProjectSection(ProjectDependencies) = postProject
		{74220F22-9039-453B-81F0-44BEA935E6D9} = {74220F22-9039-453B-81F0-44BEA935E6D9}
		{D04BBE9D-7B69-4A6E-83C5-DFA72B4DE76A} = {D04BBE9D-7B69-4A6E-83C5-DFA72B4DE76A}
	EndProjectSection
EndProject
Project("{8BC9CEB8-8B4A-11D0-8D11-00A0C91BC942}") = "Base", "..\Engine\Source\Base\Base.vcxproj", "{74220F22-9039-453B-81F0-44BEA935E6D9}"
EndProject
Project("{8BC9CEB8-8B4A-11D0-8D11-00A0C91BC942}") = "GameBase", "..\Engine\Source\GameBase\GameBase.vcxproj", "{D6C5B6D7-4503-42DD-9174-37B3B81C5926}"
	ProjectSection(ProjectDependencies) = postProject
		{7FA30A50-D902-4EB0-B0DC-5594304486E9} = {7FA30A50-D902-4EB0-B0DC-5594304486E9}
		{00226575-C4FA-463A-941B-EA9FB2012521} = {00226575-C4FA-463A-941B-EA9FB2012521}
		{D04BBE9D-7B69-4A6E-83C5-DFA72B4DE76A} = {D04BBE9D-7B69-4A6E-83C5-DFA72B4DE76A}
		{B1A264DA-55CA-4CC8-9EAF-5D251ECAE276} = {B1A264DA-55CA-4CC8-9EAF-5D251ECAE276}
	EndProjectSection
EndProject
Project("{8BC9CEB8-8B4A-11D0-8D11-00A0C91BC942}") = "GraphicsEngine", "..\Engine\Source\GraphicsEngine\GraphicsEngine.vcxproj", "{00226575-C4FA-463A-941B-EA9FB2012521}"
	ProjectSection(ProjectDependencies) = postProject
		{D04BBE9D-7B69-4A6E-83C5-DFA72B4DE76A} = {D04BBE9D-7B69-4A6E-83C5-DFA72B4DE76A}
	EndProjectSection
EndProject
Project("{8BC9CEB8-8B4A-11D0-8D11-00A0C91BC942}") = "Sound", "..\Engine\Source\Sound\Sound.vcxproj", "{7FA30A50-D902-4EB0-B0DC-5594304486E9}"
	ProjectSection(ProjectDependencies) = postProject
		{D04BBE9D-7B69-4A6E-83C5-DFA72B4DE76A} = {D04BBE9D-7B69-4A6E-83C5-DFA72B4DE76A}
	EndProjectSection
EndProject
Project("{8BC9CEB8-8B4A-11D0-8D11-00A0C91BC942}") = "Utilities", "..\Engine\Source\Utilities\Utilities.vcxproj", "{D04BBE9D-7B69-4A6E-83C5-DFA72B4DE76A}"
EndProject
Project("{8BC9CEB8-8B4A-11D0-8D11-00A0C91BC942}") = "Physics", "..\Engine\Source\Physics\Physics.vcxproj", "{2E32B536-7150-4AB7-932A-E9ADEC9CFA87}"
	ProjectSection(ProjectDependencies) = postProject
		{74220F22-9039-453B-81F0-44BEA935E6D9} = {74220F22-9039-453B-81F0-44BEA935E6D9}
		{D04BBE9D-7B69-4A6E-83C5-DFA72B4DE76A} = {D04BBE9D-7B69-4A6E-83C5-DFA72B4DE76A}
	EndProjectSection
EndProject
Global
	GlobalSection(SolutionConfigurationPlatforms) = preSolution
		Debug|Win32 = Debug|Win32
		Release|Win32 = Release|Win32
	EndGlobalSection
	GlobalSection(ProjectConfigurationPlatforms) = postSolution
		{3E2C7E8C-0424-4275-93EE-00EE2070E242}.Debug|Win32.ActiveCfg = Debug|Win32
		{3E2C7E8C-0424-4275-93EE-00EE2070E242}.Debug|Win32.Build.0 = Debug|Win32
		{3E2C7E8C-0424-4275-93EE-00EE2070E242}.Release|Win32.ActiveCfg = Release|Win32
		{3E2C7E8C-0424-4275-93EE-00EE2070E242}.Release|Win32.Build.0 = Release|Win32
		{14511519-4E3C-4640-8F51-13C1C423D91F}.Debug|Win32.ActiveCfg = Debug|Win32
		{14511519-4E3C-4640-8F51-13C1C423D91F}.Debug|Win32.Build.0 = Debug|Win32
		{14511519-4E3C-4640-8F51-13C1C423D91F}.Release|Win32.ActiveCfg = Release|Win32
		{14511519-4E3C-4640-8F51-13C1C423D91F}.Release|Win32.Build.0 = Release|Win32
		{B1A264DA-55CA-4CC8-9EAF-5D251ECAE276}.Debug|Win32.ActiveCfg = Debug|Win32
		{B1A264DA-55CA-4CC8-9EAF-5D251ECAE276}.Debug|Win32.Build.0 = Debug|Win32
		{B1A264DA-55CA-4CC8-9EAF-5D251ECAE276}.Release|Win32.ActiveCfg = Release|Win32
		{B1A264DA-55CA-4CC8-9EAF-5D251ECAE276}.Release|Win32.Build.0 = Release|Win32
		{74220F22-9039-453B-81F0-44BEA935E6D9}.Debug|Win32.ActiveCfg = Debug|Win32
		{74220F22-9039-453B-81F0-44BEA935E6D9}.Debug|Win32.Build.0 = Debug|Win32
		{74220F22-9039-453B-81F0-44BEA935E6D9}.Release|Win32.ActiveCfg = Release|Win32
		{74220F22-9039-453B-81F0-44BEA935E6D9}.Release|Win32.Build.0 = Release|Win32
		{D6C5B6D7-4503-42DD-9174-37B3B81C5926}.Debug|Win32.ActiveCfg = Debug|Win32
		{D6C5B6D7-4503-42DD-9174-37B3B81C5926}.Debug|Win32.Build.0 = Debug|Win32
		{D6C5B6D7-4503-42DD-9174-37B3B81C5926}.Release|Win32.ActiveCfg = Release|Win32
		{D6C5B6D7-4503-42DD-9174-37B3B81C5926}.Release|Win32.Build.0 = Release|Win32
		{00226575-C4FA-463A-941B-EA9FB2012521}.Debug|Win32.ActiveCfg = Debug|Win32
		{00226575-C4FA-463A-941B-EA9FB2012521}.Debug|Win32.Build.0 = Debug|Win32
		{00226575-C4FA-463A-941B-EA9FB2012521}.Release|Win32.ActiveCfg = Release|Win32
		{00226575-C4FA-463A-941B-EA9FB2012521}.Release|Win32.Build.0 = Release|Win32
		{7FA30A50-D902-4EB0-B0DC-5594304486E9}.Debug|Win32.ActiveCfg = Debug|Win32
		{7FA30A50-D902-4EB0-B0DC-5594304486E9}.Debug|Win32.Build.0 = Debug|Win32
		{7FA30A50-D902-4EB0-B0DC-5594304486E9}.Release|Win32.ActiveCfg = Release|Win32
		{7FA30A50-D902-4EB0-B0DC-5594304486E9}.Release|Win32.Build.0 = Release|Win32
		{D04BBE9D-7B69-4A6E-83C5-DFA72B4DE76A}.Debug|Win32.ActiveCfg = Debug|Win32
		{D04BBE9D-7B69-4A6E-83C5-DFA72B4DE76A}.Debug|Win32.Build.0 = Debug|Win32
		{D04BBE9D-7B69-4A6E-83C5-DFA72B4DE76A}.Release|Win32.ActiveCfg = Release|Win32
		{D04BBE9D-7B69-4A6E-83C5-DFA72B4DE76A}.Release|Win32.Build.0 = Release|Win32
		{2E32B536-7150-4AB7-932A-E9ADEC9CFA87}.Debug|Win32.ActiveCfg = Debug|Win32
		{2E32B536-7150-4AB7-932A-E9ADEC9CFA87}.Debug|Win32.Build.0 = Debug|Win32
		{2E32B536-7150-4AB7-932A-E9ADEC9CFA87}.Release|Win32.ActiveCfg = Release|Win32
		{2E32B536-7150-4AB7-932A-E9ADEC9CFA87}.Release|Win32.Build.0 = Release|Win32
	EndGlobalSection
	GlobalSection(SolutionProperties) = preSolution
		HideSolutionNode = FALSE
	EndGlobalSection
EndGlobal
